# Generated by `xrobot setup`; do not edit by hand.
version: 1
requests:
- id: QDU-Robomaster/Aimer
  ref: same-or-dev
- id: QDU-Robomaster/ArmorDetector
  ref: same-or-dev
- id: QDU-Robomaster/ArmorTracker
  ref: same-or-dev
- id: QDU-Robomaster/CameraFrameSync
  ref: same-or-dev
- id: QDU-Robomaster/HikCamera
  ref: same-or-dev
- id: QDU-Robomaster/Referee
  ref: same-or-dev
- id: QDU-Robomaster/VisionCapture
  ref: same-or-dev
- id: xrobot-org/SharedTopic
  ref: same-or-dev
- id: xrobot-org/SharedTopicClient
  ref: same-or-dev
modules:
  QDU-Robomaster/Aimer:
    repo: https://github.com/QDU-Robomaster/Aimer.git
    source: https://qdu-robomaster.github.io/qdu-future-modules/index.yaml
    requested: same-or-dev
    resolved_ref: dev
    ref_kind: branch
    commit: ec936518c35c68876a54a1b04af21f4e5c8f5c6c
  QDU-Robomaster/ArmorDetector:
    repo: https://github.com/QDU-Robomaster/ArmorDetector.git
    source: https://qdu-robomaster.github.io/qdu-future-modules/index.yaml
    requested: same-or-dev
    resolved_ref: dev
    ref_kind: branch
    commit: a545fd983c7d9777d92419f623a98c763bf955cc
  QDU-Robomaster/ArmorTracker:
    repo: https://github.com/QDU-Robomaster/ArmorTracker.git
    source: https://qdu-robomaster.github.io/qdu-future-modules/index.yaml
    requested: same-or-dev
    resolved_ref: dev
    ref_kind: branch
    commit: 36e1fd5992dd6cc72d9fa7fa5e9a3ac3b55056c1
  QDU-Robomaster/CMD:
    repo: https://github.com/QDU-Robomaster/CMD.git
    source: https://qdu-robomaster.github.io/qdu-future-modules/index.yaml
    requested: same-or-dev
    resolved_ref: dev
    ref_kind: branch
    commit: e960a30e80aec80a80495a39c2ad05ddc366a97b
  QDU-Robomaster/CameraBase:
    repo: https://github.com/QDU-Robomaster/CameraBase.git
    source: https://qdu-robomaster.github.io/qdu-future-modules/index.yaml
    requested: same-or-dev
    resolved_ref: dev
    ref_kind: branch
    commit: 1f5305e432a62e4e73841a046d057e37a6ee6941
  QDU-Robomaster/CameraFrameSync:
    repo: https://github.com/QDU-Robomaster/CameraFrameSync.git
    source: https://qdu-robomaster.github.io/qdu-future-modules/index.yaml
    requested: same-or-dev
    resolved_ref: dev
    ref_kind: branch
    commit: a0f07ae0ad51a8d0ebd48ed1107a865071aca5c6
  QDU-Robomaster/CameraSync:
    repo: https://github.com/QDU-Robomaster/CameraSync.git
    source: https://qdu-robomaster.github.io/qdu-future-modules/index.yaml
    requested: same-or-dev
    resolved_ref: dev
    ref_kind: branch
    commit: b5f59ad93869a22d44f1614eafb9342de69727e6
  QDU-Robomaster/HikCamera:
    repo: https://github.com/QDU-Robomaster/HikCamera.git
    source: https://qdu-robomaster.github.io/qdu-future-modules/index.yaml
    requested: same-or-dev
    resolved_ref: dev
    ref_kind: branch
    commit: d9711441b32d06863d764d3d413e9fb8d53488c9
  QDU-Robomaster/Referee:
    repo: https://github.com/QDU-Robomaster/Referee.git
    source: https://qdu-robomaster.github.io/qdu-future-modules/index.yaml
    requested: same-or-dev
    resolved_ref: dev
    ref_kind: branch
    commit: 96b2468ea414b5837a0c452cece792247a76b210
  QDU-Robomaster/VisionCapture:
    repo: https://github.com/QDU-Robomaster/VisionCapture.git
    source: https://qdu-robomaster.github.io/qdu-future-modules/index.yaml
    requested: same-or-dev
    resolved_ref: dev
    ref_kind: branch
    commit: bd2d682de724c47b8f5adc72f894f1108d7f760d
  QDU-Robomaster/VisionPreview:
    repo: https://github.com/QDU-Robomaster/VisionPreview.git
    source: https://qdu-robomaster.github.io/qdu-future-modules/index.yaml
    requested: same-or-dev
    resolved_ref: dev
    ref_kind: branch
    commit: 5b6d1e1aafe949b9251562b5516eab522a679226
  xrobot-org/DurationStatistics:
    repo: https://github.com/xrobot-org/DurationStatistics.git
    source: https://xrobot.work/xrobot-modules/index.yaml
    requested: same-or-dev
    resolved_ref: dev
    ref_kind: branch
    commit: d8146af81902e2bce2969bf0f0a53daa3fa0bdec
  xrobot-org/SharedTopic:
    repo: https://github.com/xrobot-org/SharedTopic.git
    source: https://xrobot.work/xrobot-modules/index.yaml
    requested: same-or-dev
    resolved_ref: dev
    ref_kind: branch
    commit: 8bca11776da64172a9a138ba91f4a47da61812d3
  xrobot-org/SharedTopicClient:
    repo: https://github.com/xrobot-org/SharedTopicClient.git
    source: https://xrobot.work/xrobot-modules/index.yaml
    requested: same-or-dev
    resolved_ref: dev
    ref_kind: branch
    commit: 54840a9c241a2af9d4222921bd8aef1cc329cd23
